{
  "name": "opencage-api-client-cjs-test",
  "version": "1.0.0",
  "lockfileVersion": 3,
  "requires": true,
  "packages": {
    "": {
      "name": "opencage-api-client-cjs-test",
      "version": "1.0.0",
      "license": "MIT",
      "dependencies": {
        "opencage-api-client": "2.2.0"
      },
      "devDependencies": {
        "prettier": "^3.6.2"
      }
    },
    "node_modules/opencage-api-client": {
      "version": "2.2.0",
      "resolved": "https://registry.npmjs.org/opencage-api-client/-/opencage-api-client-2.2.0.tgz",
      "integrity": "sha512-ZXOjaN2bhQIs3UkozQ7vTFbUlUDdcoVVV84VvenqOnjgITiE02wxYXvj2tYWLMqAm+6tRR9sE2IPwlk0oR7yPA==",
      "license": "MIT"
    },
    "node_modules/prettier": {
      "version": "3.9.6",
      "resolved": "https://registry.npmjs.org/prettier/-/prettier-3.9.6.tgz",
      "integrity": "sha512-OpN0zzVdiaiAhxpuuj5efpIS4sY9j7bY6uR5mnj5yPzGkdkjNKSJeUThPb60Jw29QuAZgA4o+/iB49kFiaBX6g==",
      "dev": true,
      "license": "MIT",
      "bin": {
        "prettier": "bin/prettier.cjs"
      },
      "engines": {
        "node": ">=14"
      },
      "funding": {
        "url": "https://github.com/prettier/prettier?sponsor=1"
      }
    }
  }
}
